
Microsoft Visual Studio Solution File, Format Version 12.00
# Visual Studio Version 16
VisualStudioVersion = 16.0.29926.136
MinimumVisualStudioVersion = 10.0.40219.1
Project("{FAE04EC0-301F-11D3-BF4B-00C04F79EFBC}") = "RentalApplicationAndroid", "RentalApplicationAndroid.csproj", "{7238F2F2-84F5-47F4-832F-06D92A8FE241}"
EndProject
Global
	GlobalSection(SolutionConfigurationPlatforms) = preSolution
		Debug|Any CPU = Debug|Any CPU
		Release|Any CPU = Release|Any CPU
	EndGlobalSection
	GlobalSection(ProjectConfigurationPlatforms) = postSolution
		{7238F2F2-84F5-47F4-832F-06D92A8FE241}.Debug|Any CPU.ActiveCfg = Debug|Any CPU
		{7238F2F2-84F5-47F4-832F-06D92A8FE241}.Debug|Any CPU.Build.0 = Debug|Any CPU
		{7238F2F2-84F5-47F4-832F-06D92A8FE241}.Debug|Any CPU.Deploy.0 = Debug|Any CPU
		{7238F2F2-84F5-47F4-832F-06D92A8FE241}.Release|Any CPU.ActiveCfg = Release|Any CPU
		{7238F2F2-84F5-47F4-832F-06D92A8FE241}.Release|Any CPU.Build.0 = Release|Any CPU
		{7238F2F2-84F5-47F4-832F-06D92A8FE241}.Release|Any CPU.Deploy.0 = Release|Any CPU
	EndGlobalSection
	GlobalSection(SolutionProperties) = preSolution
		HideSolutionNode = FALSE
	EndGlobalSection
	GlobalSection(ExtensibilityGlobals) = postSolution
		SolutionGuid = {CB7BD199-12D6-435B-99A4-2C6C11F43D15}
	EndGlobalSection
EndGlobal
