
Microsoft Visual Studio Solution File, Format Version 12.00
# Visual Studio Version 16
VisualStudioVersion = 16.0.29926.136
MinimumVisualStudioVersion = 10.0.40219.1
Project("{FAE04EC0-301F-11D3-BF4B-00C04F79EFBC}") = "RentalApp.Android", "RentalApp\RentalApp.Android\RentalApp.Android.csproj", "{B7F7D4CC-6D39-4E57-A3AD-B0059AE79AD7}"
EndProject
Project("{FAE04EC0-301F-11D3-BF4B-00C04F79EFBC}") = "RentalApp.iOS", "RentalApp\RentalApp.iOS\RentalApp.iOS.csproj", "{09FEA123-B38F-4FCC-B228-CE8429068EB9}"
EndProject
Project("{9A19103F-16F7-4668-BE54-9A1E7A4F7556}") = "RentalApp", "RentalApp\RentalApp\RentalApp.csproj", "{D427A768-17A5-4880-93ED-0A569E16361D}"
EndProject
Project("{FAE04EC0-301F-11D3-BF4B-00C04F79EFBC}") = "RentalAppTester", "RentalAppTester\RentalAppTester.csproj", "{5A05F176-4AC3-4192-9383-05E755D81D61}"
EndProject
Global
	GlobalSection(SolutionConfigurationPlatforms) = preSolution
		Ad-Hoc|Any CPU = Ad-Hoc|Any CPU
		Ad-Hoc|iPhone = Ad-Hoc|iPhone
		Ad-Hoc|iPhoneSimulator = Ad-Hoc|iPhoneSimulator
		AppStore|Any CPU = AppStore|Any CPU
		AppStore|iPhone = AppStore|iPhone
		AppStore|iPhoneSimulator = AppStore|iPhoneSimulator
		Debug|Any CPU = Debug|Any CPU
		Debug|iPhone = Debug|iPhone
		Debug|iPhoneSimulator = Debug|iPhoneSimulator
		Release|Any CPU = Release|Any CPU
		Release|iPhone = Release|iPhone
		Release|iPhoneSimulator = Release|iPhoneSimulator
	EndGlobalSection
	GlobalSection(ProjectConfigurationPlatforms) = postSolution
		{B7F7D4CC-6D39-4E57-A3AD-B0059AE79AD7}.Ad-Hoc|Any CPU.ActiveCfg = Release|Any CPU
		{B7F7D4CC-6D39-4E57-A3AD-B0059AE79AD7}.Ad-Hoc|Any CPU.Build.0 = Release|Any CPU
		{B7F7D4CC-6D39-4E57-A3AD-B0059AE79AD7}.Ad-Hoc|Any CPU.Deploy.0 = Release|Any CPU
		{B7F7D4CC-6D39-4E57-A3AD-B0059AE79AD7}.Ad-Hoc|iPhone.ActiveCfg = Release|Any CPU
		{B7F7D4CC-6D39-4E57-A3AD-B0059AE79AD7}.Ad-Hoc|iPhone.Build.0 = Release|Any CPU
		{B7F7D4CC-6D39-4E57-A3AD-B0059AE79AD7}.Ad-Hoc|iPhone.Deploy.0 = Release|Any CPU
		{B7F7D4CC-6D39-4E57-A3AD-B0059AE79AD7}.Ad-Hoc|iPhoneSimulator.ActiveCfg = Release|Any CPU
		{B7F7D4CC-6D39-4E57-A3AD-B0059AE79AD7}.Ad-Hoc|iPhoneSimulator.Build.0 = Release|Any CPU
		{B7F7D4CC-6D39-4E57-A3AD-B0059AE79AD7}.Ad-Hoc|iPhoneSimulator.Deploy.0 = Release|Any CPU
		{B7F7D4CC-6D39-4E57-A3AD-B0059AE79AD7}.AppStore|Any CPU.ActiveCfg = Release|Any CPU
		{B7F7D4CC-6D39-4E57-A3AD-B0059AE79AD7}.AppStore|Any CPU.Build.0 = Release|Any CPU
		{B7F7D4CC-6D39-4E57-A3AD-B0059AE79AD7}.AppStore|Any CPU.Deploy.0 = Release|Any CPU
		{B7F7D4CC-6D39-4E57-A3AD-B0059AE79AD7}.AppStore|iPhone.ActiveCfg = Release|Any CPU
		{B7F7D4CC-6D39-4E57-A3AD-B0059AE79AD7}.AppStore|iPhone.Build.0 = Release|Any CPU
		{B7F7D4CC-6D39-4E57-A3AD-B0059AE79AD7}.AppStore|iPhone.Deploy.0 = Release|Any CPU
		{B7F7D4CC-6D39-4E57-A3AD-B0059AE79AD7}.AppStore|iPhoneSimulator.ActiveCfg = Release|Any CPU
		{B7F7D4CC-6D39-4E57-A3AD-B0059AE79AD7}.AppStore|iPhoneSimulator.Build.0 = Release|Any CPU
		{B7F7D4CC-6D39-4E57-A3AD-B0059AE79AD7}.AppStore|iPhoneSimulator.Deploy.0 = Release|Any CPU
		{B7F7D4CC-6D39-4E57-A3AD-B0059AE79AD7}.Debug|Any CPU.ActiveCfg = Debug|Any CPU
		{B7F7D4CC-6D39-4E57-A3AD-B0059AE79AD7}.Debug|Any CPU.Build.0 = Debug|Any CPU
		{B7F7D4CC-6D39-4E57-A3AD-B0059AE79AD7}.Debug|Any CPU.Deploy.0 = Debug|Any CPU
		{B7F7D4CC-6D39-4E57-A3AD-B0059AE79AD7}.Debug|iPhone.ActiveCfg = Debug|Any CPU
		{B7F7D4CC-6D39-4E57-A3AD-B0059AE79AD7}.Debug|iPhone.Build.0 = Debug|Any CPU
		{B7F7D4CC-6D39-4E57-A3AD-B0059AE79AD7}.Debug|iPhone.Deploy.0 = Debug|Any CPU
		{B7F7D4CC-6D39-4E57-A3AD-B0059AE79AD7}.Debug|iPhoneSimulator.ActiveCfg = Debug|Any CPU
		{B7F7D4CC-6D39-4E57-A3AD-B0059AE79AD7}.Debug|iPhoneSimulator.Build.0 = Debug|Any CPU
		{B7F7D4CC-6D39-4E57-A3AD-B0059AE79AD7}.Debug|iPhoneSimulator.Deploy.0 = Debug|Any CPU
		{B7F7D4CC-6D39-4E57-A3AD-B0059AE79AD7}.Release|Any CPU.ActiveCfg = Release|Any CPU
		{B7F7D4CC-6D39-4E57-A3AD-B0059AE79AD7}.Release|Any CPU.Build.0 = Release|Any CPU
		{B7F7D4CC-6D39-4E57-A3AD-B0059AE79AD7}.Release|Any CPU.Deploy.0 = Release|Any CPU
		{B7F7D4CC-6D39-4E57-A3AD-B0059AE79AD7}.Release|iPhone.ActiveCfg = Release|Any CPU
		{B7F7D4CC-6D39-4E57-A3AD-B0059AE79AD7}.Release|iPhone.Build.0 = Release|Any CPU
		{B7F7D4CC-6D39-4E57-A3AD-B0059AE79AD7}.Release|iPhone.Deploy.0 = Release|Any CPU
		{B7F7D4CC-6D39-4E57-A3AD-B0059AE79AD7}.Release|iPhoneSimulator.ActiveCfg = Release|Any CPU
		{B7F7D4CC-6D39-4E57-A3AD-B0059AE79AD7}.Release|iPhoneSimulator.Build.0 = Release|Any CPU
		{B7F7D4CC-6D39-4E57-A3AD-B0059AE79AD7}.Release|iPhoneSimulator.Deploy.0 = Release|Any CPU
		{09FEA123-B38F-4FCC-B228-CE8429068EB9}.Ad-Hoc|Any CPU.ActiveCfg = Ad-Hoc|iPhone
		{09FEA123-B38F-4FCC-B228-CE8429068EB9}.Ad-Hoc|Any CPU.Build.0 = Ad-Hoc|iPhone
		{09FEA123-B38F-4FCC-B228-CE8429068EB9}.Ad-Hoc|Any CPU.Deploy.0 = Ad-Hoc|iPhone
		{09FEA123-B38F-4FCC-B228-CE8429068EB9}.Ad-Hoc|iPhone.ActiveCfg = Ad-Hoc|iPhone
		{09FEA123-B38F-4FCC-B228-CE8429068EB9}.Ad-Hoc|iPhone.Build.0 = Ad-Hoc|iPhone
		{09FEA123-B38F-4FCC-B228-CE8429068EB9}.Ad-Hoc|iPhone.Deploy.0 = Ad-Hoc|iPhone
		{09FEA123-B38F-4FCC-B228-CE8429068EB9}.Ad-Hoc|iPhoneSimulator.ActiveCfg = Ad-Hoc|iPhoneSimulator
		{09FEA123-B38F-4FCC-B228-CE8429068EB9}.Ad-Hoc|iPhoneSimulator.Build.0 = Ad-Hoc|iPhoneSimulator
		{09FEA123-B38F-4FCC-B228-CE8429068EB9}.Ad-Hoc|iPhoneSimulator.Deploy.0 = Ad-Hoc|iPhoneSimulator
		{09FEA123-B38F-4FCC-B228-CE8429068EB9}.AppStore|Any CPU.ActiveCfg = AppStore|iPhone
		{09FEA123-B38F-4FCC-B228-CE8429068EB9}.AppStore|Any CPU.Build.0 = AppStore|iPhone
		{09FEA123-B38F-4FCC-B228-CE8429068EB9}.AppStore|Any CPU.Deploy.0 = AppStore|iPhone
		{09FEA123-B38F-4FCC-B228-CE8429068EB9}.AppStore|iPhone.ActiveCfg = AppStore|iPhone
		{09FEA123-B38F-4FCC-B228-CE8429068EB9}.AppStore|iPhone.Build.0 = AppStore|iPhone
		{09FEA123-B38F-4FCC-B228-CE8429068EB9}.AppStore|iPhone.Deploy.0 = AppStore|iPhone
		{09FEA123-B38F-4FCC-B228-CE8429068EB9}.AppStore|iPhoneSimulator.ActiveCfg = AppStore|iPhoneSimulator
		{09FEA123-B38F-4FCC-B228-CE8429068EB9}.AppStore|iPhoneSimulator.Build.0 = AppStore|iPhoneSimulator
		{09FEA123-B38F-4FCC-B228-CE8429068EB9}.AppStore|iPhoneSimulator.Deploy.0 = AppStore|iPhoneSimulator
		{09FEA123-B38F-4FCC-B228-CE8429068EB9}.Debug|Any CPU.ActiveCfg = Debug|iPhoneSimulator
		{09FEA123-B38F-4FCC-B228-CE8429068EB9}.Debug|Any CPU.Build.0 = Debug|iPhoneSimulator
		{09FEA123-B38F-4FCC-B228-CE8429068EB9}.Debug|Any CPU.Deploy.0 = Debug|iPhoneSimulator
		{09FEA123-B38F-4FCC-B228-CE8429068EB9}.Debug|iPhone.ActiveCfg = Debug|iPhone
		{09FEA123-B38F-4FCC-B228-CE8429068EB9}.Debug|iPhone.Build.0 = Debug|iPhone
		{09FEA123-B38F-4FCC-B228-CE8429068EB9}.Debug|iPhone.Deploy.0 = Debug|iPhone
		{09FEA123-B38F-4FCC-B228-CE8429068EB9}.Debug|iPhoneSimulator.ActiveCfg = Debug|iPhoneSimulator
		{09FEA123-B38F-4FCC-B228-CE8429068EB9}.Debug|iPhoneSimulator.Build.0 = Debug|iPhoneSimulator
		{09FEA123-B38F-4FCC-B228-CE8429068EB9}.Debug|iPhoneSimulator.Deploy.0 = Debug|iPhoneSimulator
		{09FEA123-B38F-4FCC-B228-CE8429068EB9}.Release|Any CPU.ActiveCfg = Release|iPhone
		{09FEA123-B38F-4FCC-B228-CE8429068EB9}.Release|Any CPU.Build.0 = Release|iPhone
		{09FEA123-B38F-4FCC-B228-CE8429068EB9}.Release|Any CPU.Deploy.0 = Release|iPhone
		{09FEA123-B38F-4FCC-B228-CE8429068EB9}.Release|iPhone.ActiveCfg = Release|iPhone
		{09FEA123-B38F-4FCC-B228-CE8429068EB9}.Release|iPhone.Build.0 = Release|iPhone
		{09FEA123-B38F-4FCC-B228-CE8429068EB9}.Release|iPhone.Deploy.0 = Release|iPhone
		{09FEA123-B38F-4FCC-B228-CE8429068EB9}.Release|iPhoneSimulator.ActiveCfg = Release|iPhoneSimulator
		{09FEA123-B38F-4FCC-B228-CE8429068EB9}.Release|iPhoneSimulator.Build.0 = Release|iPhoneSimulator
		{09FEA123-B38F-4FCC-B228-CE8429068EB9}.Release|iPhoneSimulator.Deploy.0 = Release|iPhoneSimulator
		{D427A768-17A5-4880-93ED-0A569E16361D}.Ad-Hoc|Any CPU.ActiveCfg = Debug|Any CPU
		{D427A768-17A5-4880-93ED-0A569E16361D}.Ad-Hoc|Any CPU.Build.0 = Debug|Any CPU
		{D427A768-17A5-4880-93ED-0A569E16361D}.Ad-Hoc|Any CPU.Deploy.0 = Debug|Any CPU
		{D427A768-17A5-4880-93ED-0A569E16361D}.Ad-Hoc|iPhone.ActiveCfg = Debug|Any CPU
		{D427A768-17A5-4880-93ED-0A569E16361D}.Ad-Hoc|iPhone.Build.0 = Debug|Any CPU
		{D427A768-17A5-4880-93ED-0A569E16361D}.Ad-Hoc|iPhone.Deploy.0 = Debug|Any CPU
		{D427A768-17A5-4880-93ED-0A569E16361D}.Ad-Hoc|iPhoneSimulator.ActiveCfg = Debug|Any CPU
		{D427A768-17A5-4880-93ED-0A569E16361D}.Ad-Hoc|iPhoneSimulator.Build.0 = Debug|Any CPU
		{D427A768-17A5-4880-93ED-0A569E16361D}.Ad-Hoc|iPhoneSimulator.Deploy.0 = Debug|Any CPU
		{D427A768-17A5-4880-93ED-0A569E16361D}.AppStore|Any CPU.ActiveCfg = Debug|Any CPU
		{D427A768-17A5-4880-93ED-0A569E16361D}.AppStore|Any CPU.Build.0 = Debug|Any CPU
		{D427A768-17A5-4880-93ED-0A569E16361D}.AppStore|Any CPU.Deploy.0 = Debug|Any CPU
		{D427A768-17A5-4880-93ED-0A569E16361D}.AppStore|iPhone.ActiveCfg = Debug|Any CPU
		{D427A768-17A5-4880-93ED-0A569E16361D}.AppStore|iPhone.Build.0 = Debug|Any CPU
		{D427A768-17A5-4880-93ED-0A569E16361D}.AppStore|iPhone.Deploy.0 = Debug|Any CPU
		{D427A768-17A5-4880-93ED-0A569E16361D}.AppStore|iPhoneSimulator.ActiveCfg = Debug|Any CPU
		{D427A768-17A5-4880-93ED-0A569E16361D}.AppStore|iPhoneSimulator.Build.0 = Debug|Any CPU
		{D427A768-17A5-4880-93ED-0A569E16361D}.AppStore|iPhoneSimulator.Deploy.0 = Debug|Any CPU
		{D427A768-17A5-4880-93ED-0A569E16361D}.Debug|Any CPU.ActiveCfg = Debug|Any CPU
		{D427A768-17A5-4880-93ED-0A569E16361D}.Debug|Any CPU.Build.0 = Debug|Any CPU
		{D427A768-17A5-4880-93ED-0A569E16361D}.Debug|Any CPU.Deploy.0 = Debug|Any CPU
		{D427A768-17A5-4880-93ED-0A569E16361D}.Debug|iPhone.ActiveCfg = Debug|Any CPU
		{D427A768-17A5-4880-93ED-0A569E16361D}.Debug|iPhone.Build.0 = Debug|Any CPU
		{D427A768-17A5-4880-93ED-0A569E16361D}.Debug|iPhone.Deploy.0 = Debug|Any CPU
		{D427A768-17A5-4880-93ED-0A569E16361D}.Debug|iPhoneSimulator.ActiveCfg = Debug|Any CPU
		{D427A768-17A5-4880-93ED-0A569E16361D}.Debug|iPhoneSimulator.Build.0 = Debug|Any CPU
		{D427A768-17A5-4880-93ED-0A569E16361D}.Debug|iPhoneSimulator.Deploy.0 = Debug|Any CPU
		{D427A768-17A5-4880-93ED-0A569E16361D}.Release|Any CPU.ActiveCfg = Release|Any CPU
		{D427A768-17A5-4880-93ED-0A569E16361D}.Release|Any CPU.Build.0 = Release|Any CPU
		{D427A768-17A5-4880-93ED-0A569E16361D}.Release|Any CPU.Deploy.0 = Release|Any CPU
		{D427A768-17A5-4880-93ED-0A569E16361D}.Release|iPhone.ActiveCfg = Release|Any CPU
		{D427A768-17A5-4880-93ED-0A569E16361D}.Release|iPhone.Build.0 = Release|Any CPU
		{D427A768-17A5-4880-93ED-0A569E16361D}.Release|iPhone.Deploy.0 = Release|Any CPU
		{D427A768-17A5-4880-93ED-0A569E16361D}.Release|iPhoneSimulator.ActiveCfg = Release|Any CPU
		{D427A768-17A5-4880-93ED-0A569E16361D}.Release|iPhoneSimulator.Build.0 = Release|Any CPU
		{D427A768-17A5-4880-93ED-0A569E16361D}.Release|iPhoneSimulator.Deploy.0 = Release|Any CPU
		{5A05F176-4AC3-4192-9383-05E755D81D61}.Ad-Hoc|Any CPU.ActiveCfg = Release|Any CPU
		{5A05F176-4AC3-4192-9383-05E755D81D61}.Ad-Hoc|Any CPU.Build.0 = Release|Any CPU
		{5A05F176-4AC3-4192-9383-05E755D81D61}.Ad-Hoc|iPhone.ActiveCfg = Release|Any CPU
		{5A05F176-4AC3-4192-9383-05E755D81D61}.Ad-Hoc|iPhone.Build.0 = Release|Any CPU
		{5A05F176-4AC3-4192-9383-05E755D81D61}.Ad-Hoc|iPhoneSimulator.ActiveCfg = Release|Any CPU
		{5A05F176-4AC3-4192-9383-05E755D81D61}.Ad-Hoc|iPhoneSimulator.Build.0 = Release|Any CPU
		{5A05F176-4AC3-4192-9383-05E755D81D61}.AppStore|Any CPU.ActiveCfg = Release|Any CPU
		{5A05F176-4AC3-4192-9383-05E755D81D61}.AppStore|Any CPU.Build.0 = Release|Any CPU
		{5A05F176-4AC3-4192-9383-05E755D81D61}.AppStore|iPhone.ActiveCfg = Release|Any CPU
		{5A05F176-4AC3-4192-9383-05E755D81D61}.AppStore|iPhone.Build.0 = Release|Any CPU
		{5A05F176-4AC3-4192-9383-05E755D81D61}.AppStore|iPhoneSimulator.ActiveCfg = Release|Any CPU
		{5A05F176-4AC3-4192-9383-05E755D81D61}.AppStore|iPhoneSimulator.Build.0 = Release|Any CPU
		{5A05F176-4AC3-4192-9383-05E755D81D61}.Debug|Any CPU.ActiveCfg = Debug|Any CPU
		{5A05F176-4AC3-4192-9383-05E755D81D61}.Debug|Any CPU.Build.0 = Debug|Any CPU
		{5A05F176-4AC3-4192-9383-05E755D81D61}.Debug|iPhone.ActiveCfg = Debug|Any CPU
		{5A05F176-4AC3-4192-9383-05E755D81D61}.Debug|iPhone.Build.0 = Debug|Any CPU
		{5A05F176-4AC3-4192-9383-05E755D81D61}.Debug|iPhoneSimulator.ActiveCfg = Debug|Any CPU
		{5A05F176-4AC3-4192-9383-05E755D81D61}.Debug|iPhoneSimulator.Build.0 = Debug|Any CPU
		{5A05F176-4AC3-4192-9383-05E755D81D61}.Release|Any CPU.ActiveCfg = Release|Any CPU
		{5A05F176-4AC3-4192-9383-05E755D81D61}.Release|Any CPU.Build.0 = Release|Any CPU
		{5A05F176-4AC3-4192-9383-05E755D81D61}.Release|iPhone.ActiveCfg = Release|Any CPU
		{5A05F176-4AC3-4192-9383-05E755D81D61}.Release|iPhone.Build.0 = Release|Any CPU
		{5A05F176-4AC3-4192-9383-05E755D81D61}.Release|iPhoneSimulator.ActiveCfg = Release|Any CPU
		{5A05F176-4AC3-4192-9383-05E755D81D61}.Release|iPhoneSimulator.Build.0 = Release|Any CPU
	EndGlobalSection
	GlobalSection(SolutionProperties) = preSolution
		HideSolutionNode = FALSE
	EndGlobalSection
	GlobalSection(ExtensibilityGlobals) = postSolution
		SolutionGuid = {4D9281AD-83B1-48CF-87BF-0F6F9042AF82}
	EndGlobalSection
EndGlobal
